// !$*UTF8*$!
{
	archiveVersion = 1;
	classes = {
	};
	objectVersion = 77;
	objects = {

/* Begin PBXBuildFile section */
		38A0583D3F0E6197FA75F189 /* Pods_PolyPalTests.framework in Frameworks */ = {isa = PBXBuildFile; fileRef = 335317B837EC8479983247A2 /* Pods_PolyPalTests.framework */; };
		5D81D2572E36D748002F2893 /* ZohoPortalAuthKit.framework in Frameworks */ = {isa = PBXBuildFile; fileRef = 5D6668412E36CC0E00019344 /* ZohoPortalAuthKit.framework */; };
		5D81D2582E36D748002F2893 /* ZohoPortalAuthKit.framework in Embed Libraries */ = {isa = PBXBuildFile; fileRef = 5D6668412E36CC0E00019344 /* ZohoPortalAuthKit.framework */; settings = {ATTRIBUTES = (CodeSignOnCopy, RemoveHeadersOnCopy, ); }; };
		C7E72DEECDE5D982CCE51A41 /* Pods_PolyPal.framework in Frameworks */ = {isa = PBXBuildFile; fileRef = FED1CE92FF971314EF28699F /* Pods_PolyPal.framework */; };
/* End PBXBuildFile section */

/* Begin PBXContainerItemProxy section */
		5DEF04912E3699EF00639990 /* PBXContainerItemProxy */ = {
			isa = PBXContainerItemProxy;
			containerPortal = 5DEF047A2E3699ED00639990 /* Project object */;
			proxyType = 1;
			remoteGlobalIDString = 5DEF04812E3699ED00639990;
			remoteInfo = PolyPal;
		};
		5DEF049B2E3699EF00639990 /* PBXContainerItemProxy */ = {
			isa = PBXContainerItemProxy;
			containerPortal = 5DEF047A2E3699ED00639990 /* Project object */;
			proxyType = 1;
			remoteGlobalIDString = 5DEF04812E3699ED00639990;
			remoteInfo = PolyPal;
		};
/* End PBXContainerItemProxy section */

/* Begin PBXCopyFilesBuildPhase section */
		5D20590E2E36A7FD00B8F5AC /* Embed Libraries */ = {
			isa = PBXCopyFilesBuildPhase;
			buildActionMask = 2147483647;
			dstPath = "";
			dstSubfolderSpec = 10;
			files = (
				5D81D2582E36D748002F2893 /* ZohoPortalAuthKit.framework in Embed Libraries */,
			);
			name = "Embed Libraries";
			runOnlyForDeploymentPostprocessing = 0;
		};
/* End PBXCopyFilesBuildPhase section */

/* Begin PBXFileReference section */
		335317B837EC8479983247A2 /* Pods_PolyPalTests.framework */ = {isa = PBXFileReference; explicitFileType = wrapper.framework; includeInIndex = 0; path = Pods_PolyPalTests.framework; sourceTree = BUILT_PRODUCTS_DIR; };
		53BF8C1A3C06E47896E19939 /* Pods-PolyPalTests.debug.xcconfig */ = {isa = PBXFileReference; includeInIndex = 1; lastKnownFileType = text.xcconfig; name = "Pods-PolyPalTests.debug.xcconfig"; path = "Target Support Files/Pods-PolyPalTests/Pods-PolyPalTests.debug.xcconfig"; sourceTree = "<group>"; };
		5D6668412E36CC0E00019344 /* ZohoPortalAuthKit.framework */ = {isa = PBXFileReference; lastKnownFileType = wrapper.framework; name = ZohoPortalAuthKit.framework; path = "local-pods/ZohoPortalAuth/ZohoPortalAuthKit.framework"; sourceTree = "<group>"; };
		5DEF04822E3699ED00639990 /* PolyPal.app */ = {isa = PBXFileReference; explicitFileType = wrapper.application; includeInIndex = 0; path = PolyPal.app; sourceTree = BUILT_PRODUCTS_DIR; };
		5DEF04902E3699EF00639990 /* PolyPalTests.xctest */ = {isa = PBXFileReference; explicitFileType = wrapper.cfbundle; includeInIndex = 0; path = PolyPalTests.xctest; sourceTree = BUILT_PRODUCTS_DIR; };
		5DEF049A2E3699EF00639990 /* PolyPalUITests.xctest */ = {isa = PBXFileReference; explicitFileType = wrapper.cfbundle; includeInIndex = 0; path = PolyPalUITests.xctest; sourceTree = BUILT_PRODUCTS_DIR; };
		707E17C620B83F0BE2570845 /* Pods-PolyPal.debug.xcconfig */ = {isa = PBXFileReference; includeInIndex = 1; lastKnownFileType = text.xcconfig; name = "Pods-PolyPal.debug.xcconfig"; path = "Target Support Files/Pods-PolyPal/Pods-PolyPal.debug.xcconfig"; sourceTree = "<group>"; };
		D7CAEB1FFB76567D6A9EB485 /* Pods-PolyPalTests.release.xcconfig */ = {isa = PBXFileReference; includeInIndex = 1; lastKnownFileType = text.xcconfig; name = "Pods-PolyPalTests.release.xcconfig"; path = "Target Support Files/Pods-PolyPalTests/Pods-PolyPalTests.release.xcconfig"; sourceTree = "<group>"; };
		FB9D083D88EBE77FE5E7B7AF /* Pods-PolyPal.release.xcconfig */ = {isa = PBXFileReference; includeInIndex = 1; lastKnownFileType = text.xcconfig; name = "Pods-PolyPal.release.xcconfig"; path = "Target Support Files/Pods-PolyPal/Pods-PolyPal.release.xcconfig"; sourceTree = "<group>"; };
		FED1CE92FF971314EF28699F /* Pods_PolyPal.framework */ = {isa = PBXFileReference; explicitFileType = wrapper.framework; includeInIndex = 0; path = Pods_PolyPal.framework; sourceTree = BUILT_PRODUCTS_DIR; };
/* End PBXFileReference section */

/* Begin PBXFileSystemSynchronizedRootGroup section */
		5DEF04842E3699ED00639990 /* PolyPal */ = {
			isa = PBXFileSystemSynchronizedRootGroup;
			exceptions = (
			);
			path = PolyPal;
			sourceTree = "<group>";
		};
		5DEF04932E3699EF00639990 /* PolyPalTests */ = {
			isa = PBXFileSystemSynchronizedRootGroup;
			exceptions = (
			);
			path = PolyPalTests;
			sourceTree = "<group>";
		};
		5DEF049D2E3699EF00639990 /* PolyPalUITests */ = {
			isa = PBXFileSystemSynchronizedRootGroup;
			exceptions = (
			);
			path = PolyPalUITests;
			sourceTree = "<group>";
		};
/* End PBXFileSystemSynchronizedRootGroup section */

/* Begin PBXFrameworksBuildPhase section */
		5DEF047F2E3699ED00639990 /* Frameworks */ = {
			isa = PBXFrameworksBuildPhase;
			buildActionMask = 2147483647;
			files = (
				5D81D2572E36D748002F2893 /* ZohoPortalAuthKit.framework in Frameworks */,
				C7E72DEECDE5D982CCE51A41 /* Pods_PolyPal.framework in Frameworks */,
			);
			runOnlyForDeploymentPostprocessing = 0;
		};
		5DEF048D2E3699EF00639990 /* Frameworks */ = {
			isa = PBXFrameworksBuildPhase;
			buildActionMask = 2147483647;
			files = (
				38A0583D3F0E6197FA75F189 /* Pods_PolyPalTests.framework in Frameworks */,
			);
			runOnlyForDeploymentPostprocessing = 0;
		};
		5DEF04972E3699EF00639990 /* Frameworks */ = {
			isa = PBXFrameworksBuildPhase;
			buildActionMask = 2147483647;
			files = (
			);
			runOnlyForDeploymentPostprocessing = 0;
		};
/* End PBXFrameworksBuildPhase section */

/* Begin PBXGroup section */
		5DEF04792E3699ED00639990 = {
			isa = PBXGroup;
			children = (
				5DEF04842E3699ED00639990 /* PolyPal */,
				5DEF04932E3699EF00639990 /* PolyPalTests */,
				5DEF049D2E3699EF00639990 /* PolyPalUITests */,
				5DEF04832E3699ED00639990 /* Products */,
				841004CA264AD2B67C23D90C /* Pods */,
				BEAE1B48C0E34546B46E88E4 /* Frameworks */,
			);
			sourceTree = "<group>";
		};
		5DEF04832E3699ED00639990 /* Products */ = {
			isa = PBXGroup;
			children = (
				5DEF04822E3699ED00639990 /* PolyPal.app */,
				5DEF04902E3699EF00639990 /* PolyPalTests.xctest */,
				5DEF049A2E3699EF00639990 /* PolyPalUITests.xctest */,
			);
			name = Products;
			sourceTree = "<group>";
		};
		841004CA264AD2B67C23D90C /* Pods */ = {
			isa = PBXGroup;
			children = (
				707E17C620B83F0BE2570845 /* Pods-PolyPal.debug.xcconfig */,
				FB9D083D88EBE77FE5E7B7AF /* Pods-PolyPal.release.xcconfig */,
				53BF8C1A3C06E47896E19939 /* Pods-PolyPalTests.debug.xcconfig */,
				D7CAEB1FFB76567D6A9EB485 /* Pods-PolyPalTests.release.xcconfig */,
			);
			path = Pods;
			sourceTree = "<group>";
		};
		BEAE1B48C0E34546B46E88E4 /* Frameworks */ = {
			isa = PBXGroup;
			children = (
				5D6668412E36CC0E00019344 /* ZohoPortalAuthKit.framework */,
				FED1CE92FF971314EF28699F /* Pods_PolyPal.framework */,
				335317B837EC8479983247A2 /* Pods_PolyPalTests.framework */,
			);
			name = Frameworks;
			sourceTree = "<group>";
		};
/* End PBXGroup section */

/* Begin PBXNativeTarget section */
		5DEF04812E3699ED00639990 /* PolyPal */ = {
			isa = PBXNativeTarget;
			buildConfigurationList = 5DEF04A42E3699EF00639990 /* Build configuration list for PBXNativeTarget "PolyPal" */;
			buildPhases = (
				7E856374FC8EA26423FEF525 /* [CP] Check Pods Manifest.lock */,
				5DEF047E2E3699ED00639990 /* Sources */,
				5DEF047F2E3699ED00639990 /* Frameworks */,
				5DEF04802E3699ED00639990 /* Resources */,
				5D20590E2E36A7FD00B8F5AC /* Embed Libraries */,
				D7A90AFC35388A4EF7948D17 /* [CP] Embed Pods Frameworks */,
			);
			buildRules = (
			);
			dependencies = (
			);
			fileSystemSynchronizedGroups = (
				5DEF04842E3699ED00639990 /* PolyPal */,
			);
			name = PolyPal;
			productName = PolyPal;
			productReference = 5DEF04822E3699ED00639990 /* PolyPal.app */;
			productType = "com.apple.product-type.application";
		};
		5DEF048F2E3699EF00639990 /* PolyPalTests */ = {
			isa = PBXNativeTarget;
			buildConfigurationList = 5DEF04A72E3699EF00639990 /* Build configuration list for PBXNativeTarget "PolyPalTests" */;
			buildPhases = (
				D532EB3DA54B50546F8583CC /* [CP] Check Pods Manifest.lock */,
				5DEF048C2E3699EF00639990 /* Sources */,
				5DEF048D2E3699EF00639990 /* Frameworks */,
				5DEF048E2E3699EF00639990 /* Resources */,
			);
			buildRules = (
			);
			dependencies = (
				5DEF04922E3699EF00639990 /* PBXTargetDependency */,
			);
			fileSystemSynchronizedGroups = (
				5DEF04932E3699EF00639990 /* PolyPalTests */,
			);
			name = PolyPalTests;
			productName = PolyPalTests;
			productReference = 5DEF04902E3699EF00639990 /* PolyPalTests.xctest */;
			productType = "com.apple.product-type.bundle.unit-test";
		};
		5DEF04992E3699EF00639990 /* PolyPalUITests */ = {
			isa = PBXNativeTarget;
			buildConfigurationList = 5DEF04AA2E3699EF00639990 /* Build configuration list for PBXNativeTarget "PolyPalUITests" */;
			buildPhases = (
				5DEF04962E3699EF00639990 /* Sources */,
				5DEF04972E3699EF00639990 /* Frameworks */,
				5DEF04982E3699EF00639990 /* Resources */,
			);
			buildRules = (
			);
			dependencies = (
				5DEF049C2E3699EF00639990 /* PBXTargetDependency */,
			);
			fileSystemSynchronizedGroups = (
				5DEF049D2E3699EF00639990 /* PolyPalUITests */,
			);
			name = PolyPalUITests;
			productName = PolyPalUITests;
			productReference = 5DEF049A2E3699EF00639990 /* PolyPalUITests.xctest */;
			productType = "com.apple.product-type.bundle.ui-testing";
		};
/* End PBXNativeTarget section */

/* Begin PBXProject section */
		5DEF047A2E3699ED00639990 /* Project object */ = {
			isa = PBXProject;
			attributes = {
				BuildIndependentTargetsInParallel = 1;
				LastSwiftUpdateCheck = 1640;
				LastUpgradeCheck = 1640;
				TargetAttributes = {
					5DEF04812E3699ED00639990 = {
						CreatedOnToolsVersion = 16.4;
					};
					5DEF048F2E3699EF00639990 = {
						CreatedOnToolsVersion = 16.4;
						TestTargetID = 5DEF04812E3699ED00639990;
					};
					5DEF04992E3699EF00639990 = {
						CreatedOnToolsVersion = 16.4;
						TestTargetID = 5DEF04812E3699ED00639990;
					};
				};
			};
			buildConfigurationList = 5DEF047D2E3699ED00639990 /* Build configuration list for PBXProject "PolyPal" */;
			developmentRegion = en;
			hasScannedForEncodings = 0;
			knownRegions = (
				en,
				Base,
			);
			mainGroup = 5DEF04792E3699ED00639990;
			minimizedProjectReferenceProxies = 1;
			preferredProjectObjectVersion = 77;
			productRefGroup = 5DEF04832E3699ED00639990 /* Products */;
			projectDirPath = "";
			projectRoot = "";
			targets = (
				5DEF04812E3699ED00639990 /* PolyPal */,
				5DEF048F2E3699EF00639990 /* PolyPalTests */,
				5DEF04992E3699EF00639990 /* PolyPalUITests */,
			);
		};
/* End PBXProject section */

/* Begin PBXResourcesBuildPhase section */
		5DEF04802E3699ED00639990 /* Resources */ = {
			isa = PBXResourcesBuildPhase;
			buildActionMask = 2147483647;
			files = (
			);
			runOnlyForDeploymentPostprocessing = 0;
		};
		5DEF048E2E3699EF00639990 /* Resources */ = {
			isa = PBXResourcesBuildPhase;
			buildActionMask = 2147483647;
			files = (
			);
			runOnlyForDeploymentPostprocessing = 0;
		};
		5DEF04982E3699EF00639990 /* Resources */ = {
			isa = PBXResourcesBuildPhase;
			buildActionMask = 2147483647;
			files = (
			);
			runOnlyForDeploymentPostprocessing = 0;
		};
/* End PBXResourcesBuildPhase section */

/* Begin PBXShellScriptBuildPhase section */
		7E856374FC8EA26423FEF525 /* [CP] Check Pods Manifest.lock */ = {
			isa = PBXShellScriptBuildPhase;
			buildActionMask = 2147483647;
			files = (
			);
			inputFileListPaths = (
			);
			inputPaths = (
				"${PODS_PODFILE_DIR_PATH}/Podfile.lock",
				"${PODS_ROOT}/Manifest.lock",
			);
			name = "[CP] Check Pods Manifest.lock";
			outputFileListPaths = (
			);
			outputPaths = (
				"$(DERIVED_FILE_DIR)/Pods-PolyPal-checkManifestLockResult.txt",
			);
			runOnlyForDeploymentPostprocessing = 0;
			shellPath = /bin/sh;
			shellScript = "diff \"${PODS_PODFILE_DIR_PATH}/Podfile.lock\" \"${PODS_ROOT}/Manifest.lock\" > /dev/null\nif [ $? != 0 ] ; then\n    # print error to STDERR\n    echo \"error: The sandbox is not in sync with the Podfile.lock. Run 'pod install' or update your CocoaPods installation.\" >&2\n    exit 1\nfi\n# This output is used by Xcode 'outputs' to avoid re-running this script phase.\necho \"SUCCESS\" > \"${SCRIPT_OUTPUT_FILE_0}\"\n";
			showEnvVarsInLog = 0;
		};
		D532EB3DA54B50546F8583CC /* [CP] Check Pods Manifest.lock */ = {
			isa = PBXShellScriptBuildPhase;
			buildActionMask = 2147483647;
			files = (
			);
			inputFileListPaths = (
			);
			inputPaths = (
				"${PODS_PODFILE_DIR_PATH}/Podfile.lock",
				"${PODS_ROOT}/Manifest.lock",
			);
			name = "[CP] Check Pods Manifest.lock";
			outputFileListPaths = (
			);
			outputPaths = (
				"$(DERIVED_FILE_DIR)/Pods-PolyPalTests-checkManifestLockResult.txt",
			);
			runOnlyForDeploymentPostprocessing = 0;
			shellPath = /bin/sh;
			shellScript = "diff \"${PODS_PODFILE_DIR_PATH}/Podfile.lock\" \"${PODS_ROOT}/Manifest.lock\" > /dev/null\nif [ $? != 0 ] ; then\n    # print error to STDERR\n    echo \"error: The sandbox is not in sync with the Podfile.lock. Run 'pod install' or update your CocoaPods installation.\" >&2\n    exit 1\nfi\n# This output is used by Xcode 'outputs' to avoid re-running this script phase.\necho \"SUCCESS\" > \"${SCRIPT_OUTPUT_FILE_0}\"\n";
			showEnvVarsInLog = 0;
		};
		D7A90AFC35388A4EF7948D17 /* [CP] Embed Pods Frameworks */ = {
			isa = PBXShellScriptBuildPhase;
			buildActionMask = 2147483647;
			files = (
			);
			inputFileListPaths = (
				"${PODS_ROOT}/Target Support Files/Pods-PolyPal/Pods-PolyPal-frameworks-${CONFIGURATION}-input-files.xcfilelist",
			);
			name = "[CP] Embed Pods Frameworks";
			outputFileListPaths = (
				"${PODS_ROOT}/Target Support Files/Pods-PolyPal/Pods-PolyPal-frameworks-${CONFIGURATION}-output-files.xcfilelist",
			);
			runOnlyForDeploymentPostprocessing = 0;
			shellPath = /bin/sh;
			shellScript = "\"${PODS_ROOT}/Target Support Files/Pods-PolyPal/Pods-PolyPal-frameworks.sh\"\n";
			showEnvVarsInLog = 0;
		};
/* End PBXShellScriptBuildPhase section */

/* Begin PBXSourcesBuildPhase section */
		5DEF047E2E3699ED00639990 /* Sources */ = {
			isa = PBXSourcesBuildPhase;
			buildActionMask = 2147483647;
			files = (
			);
			runOnlyForDeploymentPostprocessing = 0;
		};
		5DEF048C2E3699EF00639990 /* Sources */ = {
			isa = PBXSourcesBuildPhase;
			buildActionMask = 2147483647;
			files = (
			);
			runOnlyForDeploymentPostprocessing = 0;
		};
		5DEF04962E3699EF00639990 /* Sources */ = {
			isa = PBXSourcesBuildPhase;
			buildActionMask = 2147483647;
			files = (
			);
			runOnlyForDeploymentPostprocessing = 0;
		};
/* End PBXSourcesBuildPhase section */

/* Begin PBXTargetDependency section */
		5DEF04922E3699EF00639990 /* PBXTargetDependency */ = {
			isa = PBXTargetDependency;
			target = 5DEF04812E3699ED00639990 /* PolyPal */;
			targetProxy = 5DEF04912E3699EF00639990 /* PBXContainerItemProxy */;
		};
		5DEF049C2E3699EF00639990 /* PBXTargetDependency */ = {
			isa = PBXTargetDependency;
			target = 5DEF04812E3699ED00639990 /* PolyPal */;
			targetProxy = 5DEF049B2E3699EF00639990 /* PBXContainerItemProxy */;
		};
/* End PBXTargetDependency section */

/* Begin XCBuildConfiguration section */
		5DEF04A22E3699EF00639990 /* Debug */ = {
			isa = XCBuildConfiguration;
			buildSettings = {
				ALWAYS_SEARCH_USER_PATHS = NO;
				ASSETCATALOG_COMPILER_GENERATE_SWIFT_ASSET_SYMBOL_EXTENSIONS = YES;
				CLANG_ANALYZER_NONNULL = YES;
				CLANG_ANALYZER_NUMBER_OBJECT_CONVERSION = YES_AGGRESSIVE;
				CLANG_CXX_LANGUAGE_STANDARD = "gnu++20";
				CLANG_ENABLE_MODULES = YES;
				CLANG_ENABLE_OBJC_ARC = YES;
				CLANG_ENABLE_OBJC_WEAK = YES;
				CLANG_WARN_BLOCK_CAPTURE_AUTORELEASING = YES;
				CLANG_WARN_BOOL_CONVERSION = YES;
				CLANG_WARN_COMMA = YES;
				CLANG_WARN_CONSTANT_CONVERSION = YES;
				CLANG_WARN_DEPRECATED_OBJC_IMPLEMENTATIONS = YES;
				CLANG_WARN_DIRECT_OBJC_ISA_USAGE = YES_ERROR;
				CLANG_WARN_DOCUMENTATION_COMMENTS = YES;
				CLANG_WARN_EMPTY_BODY = YES;
				CLANG_WARN_ENUM_CONVERSION = YES;
				CLANG_WARN_INFINITE_RECURSION = YES;
				CLANG_WARN_INT_CONVERSION = YES;
				CLANG_WARN_NON_LITERAL_NULL_CONVERSION = YES;
				CLANG_WARN_OBJC_IMPLICIT_RETAIN_SELF = YES;
				CLANG_WARN_OBJC_LITERAL_CONVERSION = YES;
				CLANG_WARN_OBJC_ROOT_CLASS = YES_ERROR;
				CLANG_WARN_QUOTED_INCLUDE_IN_FRAMEWORK_HEADER = YES;
				CLANG_WARN_RANGE_LOOP_ANALYSIS = YES;
				CLANG_WARN_STRICT_PROTOTYPES = YES;
				CLANG_WARN_SUSPICIOUS_MOVE = YES;
				CLANG_WARN_UNGUARDED_AVAILABILITY = YES_AGGRESSIVE;
				CLANG_WARN_UNREACHABLE_CODE = YES;
				CLANG_WARN__DUPLICATE_METHOD_MATCH = YES;
				CODE_SIGN_ENTITLEMENTS = P;
				COPY_PHASE_STRIP = NO;
				DEBUG_INFORMATION_FORMAT = dwarf;
				ENABLE_STRICT_OBJC_MSGSEND = YES;
				ENABLE_TESTABILITY = YES;
				ENABLE_USER_SCRIPT_SANDBOXING = NO;
				GCC_C_LANGUAGE_STANDARD = gnu17;
				GCC_DYNAMIC_NO_PIC = NO;
				GCC_NO_COMMON_BLOCKS = YES;
				GCC_OPTIMIZATION_LEVEL = 0;
				GCC_PREPROCESSOR_DEFINITIONS = (
					"DEBUG=1",
					"$(inherited)",
				);
				GCC_WARN_64_TO_32_BIT_CONVERSION = YES;
				GCC_WARN_ABOUT_RETURN_TYPE = YES_ERROR;
				GCC_WARN_UNDECLARED_SELECTOR = YES;
				GCC_WARN_UNINITIALIZED_AUTOS = YES_AGGRESSIVE;
				GCC_WARN_UNUSED_FUNCTION = YES;
				GCC_WARN_UNUSED_VARIABLE = YES;
				LOCALIZATION_PREFERS_STRING_CATALOGS = YES;
				MTL_ENABLE_DEBUG_INFO = INCLUDE_SOURCE;
				MTL_FAST_MATH = YES;
				ONLY_ACTIVE_ARCH = YES;
				SWIFT_ACTIVE_COMPILATION_CONDITIONS = "DEBUG $(inherited)";
				SWIFT_OPTIMIZATION_LEVEL = "-Onone";
			};
			name = Debug;
		};
		5DEF04A32E3699EF00639990 /* Release */ = {
			isa = XCBuildConfiguration;
			buildSettings = {
				ALWAYS_SEARCH_USER_PATHS = NO;
				ASSETCATALOG_COMPILER_GENERATE_SWIFT_ASSET_SYMBOL_EXTENSIONS = YES;
				CLANG_ANALYZER_NONNULL = YES;
				CLANG_ANALYZER_NUMBER_OBJECT_CONVERSION = YES_AGGRESSIVE;
				CLANG_CXX_LANGUAGE_STANDARD = "gnu++20";
				CLANG_ENABLE_MODULES = YES;
				CLANG_ENABLE_OBJC_ARC = YES;
				CLANG_ENABLE_OBJC_WEAK = YES;
				CLANG_WARN_BLOCK_CAPTURE_AUTORELEASING = YES;
				CLANG_WARN_BOOL_CONVERSION = YES;
				CLANG_WARN_COMMA = YES;
				CLANG_WARN_CONSTANT_CONVERSION = YES;
				CLANG_WARN_DEPRECATED_OBJC_IMPLEMENTATIONS = YES;
				CLANG_WARN_DIRECT_OBJC_ISA_USAGE = YES_ERROR;
				CLANG_WARN_DOCUMENTATION_COMMENTS = YES;
				CLANG_WARN_EMPTY_BODY = YES;
				CLANG_WARN_ENUM_CONVERSION = YES;
				CLANG_WARN_INFINITE_RECURSION = YES;
				CLANG_WARN_INT_CONVERSION = YES;
				CLANG_WARN_NON_LITERAL_NULL_CONVERSION = YES;
				CLANG_WARN_OBJC_IMPLICIT_RETAIN_SELF = YES;
				CLANG_WARN_OBJC_LITERAL_CONVERSION = YES;
				CLANG_WARN_OBJC_ROOT_CLASS = YES_ERROR;
				CLANG_WARN_QUOTED_INCLUDE_IN_FRAMEWORK_HEADER = YES;
				CLANG_WARN_RANGE_LOOP_ANALYSIS = YES;
				CLANG_WARN_STRICT_PROTOTYPES = YES;
				CLANG_WARN_SUSPICIOUS_MOVE = YES;
				CLANG_WARN_UNGUARDED_AVAILABILITY = YES_AGGRESSIVE;
				CLANG_WARN_UNREACHABLE_CODE = YES;
				CLANG_WARN__DUPLICATE_METHOD_MATCH = YES;
				CODE_SIGN_ENTITLEMENTS = P;
				COPY_PHASE_STRIP = NO;
				DEBUG_INFORMATION_FORMAT = "dwarf-with-dsym";
				ENABLE_NS_ASSERTIONS = NO;
				ENABLE_STRICT_OBJC_MSGSEND = YES;
				ENABLE_USER_SCRIPT_SANDBOXING = NO;
				GCC_C_LANGUAGE_STANDARD = gnu17;
				GCC_NO_COMMON_BLOCKS = YES;
				GCC_WARN_64_TO_32_BIT_CONVERSION = YES;
				GCC_WARN_ABOUT_RETURN_TYPE = YES_ERROR;
				GCC_WARN_UNDECLARED_SELECTOR = YES;
				GCC_WARN_UNINITIALIZED_AUTOS = YES_AGGRESSIVE;
				GCC_WARN_UNUSED_FUNCTION = YES;
				GCC_WARN_UNUSED_VARIABLE = YES;
				LOCALIZATION_PREFERS_STRING_CATALOGS = YES;
				MTL_ENABLE_DEBUG_INFO = NO;
				MTL_FAST_MATH = YES;
				SWIFT_COMPILATION_MODE = wholemodule;
			};
			name = Release;
		};
		5DEF04A52E3699EF00639990 /* Debug */ = {
			isa = XCBuildConfiguration;
			baseConfigurationReference = 707E17C620B83F0BE2570845 /* Pods-PolyPal.debug.xcconfig */;
			buildSettings = {
				ASSETCATALOG_COMPILER_APPICON_NAME = AppIcon;
				ASSETCATALOG_COMPILER_GLOBAL_ACCENT_COLOR_NAME = AccentColor;
				CODE_SIGN_ENTITLEMENTS = PolyPal/PolyPal.entitlements;
				CODE_SIGN_STYLE = Automatic;
				CURRENT_PROJECT_VERSION = 1;
				ENABLE_PREVIEWS = YES;
				FRAMEWORK_SEARCH_PATHS = (
					"$(inherited)",
					"$(PROJECT_DIR)/local-pods",
					"$(PROJECT_DIR)/local-pods/ZohoPortalAuth",
				);
				GENERATE_INFOPLIST_FILE = YES;
				"INFOPLIST_KEY_UIApplicationSceneManifest_Generation[sdk=iphoneos*]" = YES;
				"INFOPLIST_KEY_UIApplicationSceneManifest_Generation[sdk=iphonesimulator*]" = YES;
				"INFOPLIST_KEY_UIApplicationSupportsIndirectInputEvents[sdk=iphoneos*]" = YES;
				"INFOPLIST_KEY_UIApplicationSupportsIndirectInputEvents[sdk=iphonesimulator*]" = YES;
				"INFOPLIST_KEY_UILaunchScreen_Generation[sdk=iphoneos*]" = YES;
				"INFOPLIST_KEY_UILaunchScreen_Generation[sdk=iphonesimulator*]" = YES;
				"INFOPLIST_KEY_UIStatusBarStyle[sdk=iphoneos*]" = UIStatusBarStyleDefault;
				"INFOPLIST_KEY_UIStatusBarStyle[sdk=iphonesimulator*]" = UIStatusBarStyleDefault;
				INFOPLIST_KEY_UISupportedInterfaceOrientations_iPad = "UIInterfaceOrientationPortrait UIInterfaceOrientationPortraitUpsideDown UIInterfaceOrientationLandscapeLeft UIInterfaceOrientationLandscapeRight";
				INFOPLIST_KEY_UISupportedInterfaceOrientations_iPhone = "UIInterfaceOrientationPortrait UIInterfaceOrientationLandscapeLeft UIInterfaceOrientationLandscapeRight";
				IPHONEOS_DEPLOYMENT_TARGET = 18.5;
				LD_RUNPATH_SEARCH_PATHS = (
					"$(inherited)",
					"@executable_path/Frameworks",
				);
				LIBRARY_SEARCH_PATHS = (
					"$(inherited)",
					"$(PROJECT_DIR)/local-pods",
				);
				MARKETING_VERSION = 1.0;
				PRODUCT_BUNDLE_IDENTIFIER = ICERecycling.PolyPal;
				PRODUCT_NAME = "$(TARGET_NAME)";
				REGISTER_APP_GROUPS = YES;
				SDKROOT = iphoneos;
				SUPPORTED_PLATFORMS = "iphoneos iphonesimulator";
				SWIFT_EMIT_LOC_STRINGS = YES;
				SWIFT_VERSION = 6.0;
				TARGETED_DEVICE_FAMILY = 1;
			};
			name = Debug;
		};
		5DEF04A62E3699EF00639990 /* Release */ = {
			isa = XCBuildConfiguration;
			baseConfigurationReference = FB9D083D88EBE77FE5E7B7AF /* Pods-PolyPal.release.xcconfig */;
			buildSettings = {
				ASSETCATALOG_COMPILER_APPICON_NAME = AppIcon;
				ASSETCATALOG_COMPILER_GLOBAL_ACCENT_COLOR_NAME = AccentColor;
				CODE_SIGN_ENTITLEMENTS = PolyPal/PolyPal.entitlements;
				CODE_SIGN_STYLE = Automatic;
				CURRENT_PROJECT_VERSION = 1;
				ENABLE_PREVIEWS = YES;
				FRAMEWORK_SEARCH_PATHS = (
					"$(inherited)",
					"$(PROJECT_DIR)/local-pods",
					"$(PROJECT_DIR)/local-pods/ZohoPortalAuth",
				);
				GENERATE_INFOPLIST_FILE = YES;
				"INFOPLIST_KEY_UIApplicationSceneManifest_Generation[sdk=iphoneos*]" = YES;
				"INFOPLIST_KEY_UIApplicationSceneManifest_Generation[sdk=iphonesimulator*]" = YES;
				"INFOPLIST_KEY_UIApplicationSupportsIndirectInputEvents[sdk=iphoneos*]" = YES;
				"INFOPLIST_KEY_UIApplicationSupportsIndirectInputEvents[sdk=iphonesimulator*]" = YES;
				"INFOPLIST_KEY_UILaunchScreen_Generation[sdk=iphoneos*]" = YES;
				"INFOPLIST_KEY_UILaunchScreen_Generation[sdk=iphonesimulator*]" = YES;
				"INFOPLIST_KEY_UIStatusBarStyle[sdk=iphoneos*]" = UIStatusBarStyleDefault;
				"INFOPLIST_KEY_UIStatusBarStyle[sdk=iphonesimulator*]" = UIStatusBarStyleDefault;
				INFOPLIST_KEY_UISupportedInterfaceOrientations_iPad = "UIInterfaceOrientationPortrait UIInterfaceOrientationPortraitUpsideDown UIInterfaceOrientationLandscapeLeft UIInterfaceOrientationLandscapeRight";
				INFOPLIST_KEY_UISupportedInterfaceOrientations_iPhone = "UIInterfaceOrientationPortrait UIInterfaceOrientationLandscapeLeft UIInterfaceOrientationLandscapeRight";
				IPHONEOS_DEPLOYMENT_TARGET = 18.5;
				LD_RUNPATH_SEARCH_PATHS = (
					"$(inherited)",
					"@executable_path/Frameworks",
				);
				LIBRARY_SEARCH_PATHS = (
					"$(inherited)",
					"$(PROJECT_DIR)/local-pods",
				);
				MARKETING_VERSION = 1.0;
				PRODUCT_BUNDLE_IDENTIFIER = ICERecycling.PolyPal;
				PRODUCT_NAME = "$(TARGET_NAME)";
				REGISTER_APP_GROUPS = YES;
				SDKROOT = iphoneos;
				SUPPORTED_PLATFORMS = "iphoneos iphonesimulator";
				SWIFT_EMIT_LOC_STRINGS = YES;
				SWIFT_VERSION = 6.0;
				TARGETED_DEVICE_FAMILY = 1;
			};
			name = Release;
		};
		5DEF04A82E3699EF00639990 /* Debug */ = {
			isa = XCBuildConfiguration;
			baseConfigurationReference = 53BF8C1A3C06E47896E19939 /* Pods-PolyPalTests.debug.xcconfig */;
			buildSettings = {
				BUNDLE_LOADER = "$(TEST_HOST)";
				CODE_SIGN_STYLE = Automatic;
				CURRENT_PROJECT_VERSION = 1;
				GENERATE_INFOPLIST_FILE = YES;
				IPHONEOS_DEPLOYMENT_TARGET = 18.5;
				MACOSX_DEPLOYMENT_TARGET = 15.5;
				MARKETING_VERSION = 1.0;
				PRODUCT_BUNDLE_IDENTIFIER = ICERecycling.PolyPalTests;
				PRODUCT_NAME = "$(TARGET_NAME)";
				SDKROOT = auto;
				SUPPORTED_PLATFORMS = "iphoneos iphonesimulator macosx xros xrsimulator";
				SWIFT_EMIT_LOC_STRINGS = NO;
				SWIFT_VERSION = 6.0;
				TARGETED_DEVICE_FAMILY = "1,2,7";
				TEST_HOST = "$(BUILT_PRODUCTS_DIR)/PolyPal.app/$(BUNDLE_EXECUTABLE_FOLDER_PATH)/PolyPal";
				XROS_DEPLOYMENT_TARGET = 2.5;
			};
			name = Debug;
		};
		5DEF04A92E3699EF00639990 /* Release */ = {
			isa = XCBuildConfiguration;
			baseConfigurationReference = D7CAEB1FFB76567D6A9EB485 /* Pods-PolyPalTests.release.xcconfig */;
			buildSettings = {
				BUNDLE_LOADER = "$(TEST_HOST)";
				CODE_SIGN_STYLE = Automatic;
				CURRENT_PROJECT_VERSION = 1;
				GENERATE_INFOPLIST_FILE = YES;
				IPHONEOS_DEPLOYMENT_TARGET = 18.5;
				MACOSX_DEPLOYMENT_TARGET = 15.5;
				MARKETING_VERSION = 1.0;
				PRODUCT_BUNDLE_IDENTIFIER = ICERecycling.PolyPalTests;
				PRODUCT_NAME = "$(TARGET_NAME)";
				SDKROOT = auto;
				SUPPORTED_PLATFORMS = "iphoneos iphonesimulator macosx xros xrsimulator";
				SWIFT_EMIT_LOC_STRINGS = NO;
				SWIFT_VERSION = 6.0;
				TARGETED_DEVICE_FAMILY = "1,2,7";
				TEST_HOST = "$(BUILT_PRODUCTS_DIR)/PolyPal.app/$(BUNDLE_EXECUTABLE_FOLDER_PATH)/PolyPal";
				XROS_DEPLOYMENT_TARGET = 2.5;
			};
			name = Release;
		};
		5DEF04AB2E3699EF00639990 /* Debug */ = {
			isa = XCBuildConfiguration;
			buildSettings = {
				CODE_SIGN_STYLE = Automatic;
				CURRENT_PROJECT_VERSION = 1;
				GENERATE_INFOPLIST_FILE = YES;
				IPHONEOS_DEPLOYMENT_TARGET = 18.5;
				MACOSX_DEPLOYMENT_TARGET = 15.5;
				MARKETING_VERSION = 1.0;
				PRODUCT_BUNDLE_IDENTIFIER = ICERecycling.PolyPalUITests;
				PRODUCT_NAME = "$(TARGET_NAME)";
				SDKROOT = auto;
				SUPPORTED_PLATFORMS = "iphoneos iphonesimulator macosx xros xrsimulator";
				SWIFT_EMIT_LOC_STRINGS = NO;
				SWIFT_VERSION = 6.0;
				TARGETED_DEVICE_FAMILY = "1,2,7";
				TEST_TARGET_NAME = PolyPal;
				XROS_DEPLOYMENT_TARGET = 2.5;
			};
			name = Debug;
		};
		5DEF04AC2E3699EF00639990 /* Release */ = {
			isa = XCBuildConfiguration;
			buildSettings = {
				CODE_SIGN_STYLE = Automatic;
				CURRENT_PROJECT_VERSION = 1;
				GENERATE_INFOPLIST_FILE = YES;
				IPHONEOS_DEPLOYMENT_TARGET = 18.5;
				MACOSX_DEPLOYMENT_TARGET = 15.5;
				MARKETING_VERSION = 1.0;
				PRODUCT_BUNDLE_IDENTIFIER = ICERecycling.PolyPalUITests;
				PRODUCT_NAME = "$(TARGET_NAME)";
				SDKROOT = auto;
				SUPPORTED_PLATFORMS = "iphoneos iphonesimulator macosx xros xrsimulator";
				SWIFT_EMIT_LOC_STRINGS = NO;
				SWIFT_VERSION = 6.0;
				TARGETED_DEVICE_FAMILY = "1,2,7";
				TEST_TARGET_NAME = PolyPal;
				XROS_DEPLOYMENT_TARGET = 2.5;
			};
			name = Release;
		};
/* End XCBuildConfiguration section */

/* Begin XCConfigurationList section */
		5DEF047D2E3699ED00639990 /* Build configuration list for PBXProject "PolyPal" */ = {
			isa = XCConfigurationList;
			buildConfigurations = (
				5DEF04A22E3699EF00639990 /* Debug */,
				5DEF04A32E3699EF00639990 /* Release */,
			);
			defaultConfigurationIsVisible = 0;
			defaultConfigurationName = Release;
		};
		5DEF04A42E3699EF00639990 /* Build configuration list for PBXNativeTarget "PolyPal" */ = {
			isa = XCConfigurationList;
			buildConfigurations = (
				5DEF04A52E3699EF00639990 /* Debug */,
				5DEF04A62E3699EF00639990 /* Release */,
			);
			defaultConfigurationIsVisible = 0;
			defaultConfigurationName = Release;
		};
		5DEF04A72E3699EF00639990 /* Build configuration list for PBXNativeTarget "PolyPalTests" */ = {
			isa = XCConfigurationList;
			buildConfigurations = (
				5DEF04A82E3699EF00639990 /* Debug */,
				5DEF04A92E3699EF00639990 /* Release */,
			);
			defaultConfigurationIsVisible = 0;
			defaultConfigurationName = Release;
		};
		5DEF04AA2E3699EF00639990 /* Build configuration list for PBXNativeTarget "PolyPalUITests" */ = {
			isa = XCConfigurationList;
			buildConfigurations = (
				5DEF04AB2E3699EF00639990 /* Debug */,
				5DEF04AC2E3699EF00639990 /* Release */,
			);
			defaultConfigurationIsVisible = 0;
			defaultConfigurationName = Release;
		};
/* End XCConfigurationList section */
	};
	rootObject = 5DEF047A2E3699ED00639990 /* Project object */;
}
